
Microsoft Visual Studio Solution File, Format Version 12.00
# Visual Studio Version 16
VisualStudioVersion = 16.0.31005.135
MinimumVisualStudioVersion = 10.0.40219.1
Project("{9A19103F-16F7-4668-BE54-9A1E7A4F7556}") = "CocktailBookPro.Services", "CocktailBookPro.Services\CocktailBookPro.Services.csproj", "{FA6C0DC4-324B-4B2E-99F0-933FA55D3B60}"
EndProject
Project("{9A19103F-16F7-4668-BE54-9A1E7A4F7556}") = "CocktailBookPro.Business", "CocktailBookPro.Business\CocktailBookPro.Business.csproj", "{7B5798C0-E30C-47A8-A2DA-D3B4DC037F2E}"
EndProject
Project("{9A19103F-16F7-4668-BE54-9A1E7A4F7556}") = "CocktailBookPro.Models", "CocktailBookPro.Models\CocktailBookPro.Models.csproj", "{D740F324-E75F-4AFF-8706-5D2660F39C6B}"
EndProject
Project("{FAE04EC0-301F-11D3-BF4B-00C04F79EFBC}") = "CocktailBookPro", "CocktailBookPro\CocktailBookPro.csproj", "{DF81E8F5-15E4-4AE5-8A4B-8AA9229B5394}"
EndProject
Global
	GlobalSection(SolutionConfigurationPlatforms) = preSolution
		Debug|Any CPU = Debug|Any CPU
		Release|Any CPU = Release|Any CPU
	EndGlobalSection
	GlobalSection(ProjectConfigurationPlatforms) = postSolution
		{FA6C0DC4-324B-4B2E-99F0-933FA55D3B60}.Debug|Any CPU.ActiveCfg = Debug|Any CPU
		{FA6C0DC4-324B-4B2E-99F0-933FA55D3B60}.Debug|Any CPU.Build.0 = Debug|Any CPU
		{FA6C0DC4-324B-4B2E-99F0-933FA55D3B60}.Release|Any CPU.ActiveCfg = Release|Any CPU
		{FA6C0DC4-324B-4B2E-99F0-933FA55D3B60}.Release|Any CPU.Build.0 = Release|Any CPU
		{7B5798C0-E30C-47A8-A2DA-D3B4DC037F2E}.Debug|Any CPU.ActiveCfg = Debug|Any CPU
		{7B5798C0-E30C-47A8-A2DA-D3B4DC037F2E}.Debug|Any CPU.Build.0 = Debug|Any CPU
		{7B5798C0-E30C-47A8-A2DA-D3B4DC037F2E}.Release|Any CPU.ActiveCfg = Release|Any CPU
		{7B5798C0-E30C-47A8-A2DA-D3B4DC037F2E}.Release|Any CPU.Build.0 = Release|Any CPU
		{D740F324-E75F-4AFF-8706-5D2660F39C6B}.Debug|Any CPU.ActiveCfg = Debug|Any CPU
		{D740F324-E75F-4AFF-8706-5D2660F39C6B}.Debug|Any CPU.Build.0 = Debug|Any CPU
		{D740F324-E75F-4AFF-8706-5D2660F39C6B}.Release|Any CPU.ActiveCfg = Release|Any CPU
		{D740F324-E75F-4AFF-8706-5D2660F39C6B}.Release|Any CPU.Build.0 = Release|Any CPU
		{DF81E8F5-15E4-4AE5-8A4B-8AA9229B5394}.Debug|Any CPU.ActiveCfg = Debug|Any CPU
		{DF81E8F5-15E4-4AE5-8A4B-8AA9229B5394}.Debug|Any CPU.Build.0 = Debug|Any CPU
		{DF81E8F5-15E4-4AE5-8A4B-8AA9229B5394}.Release|Any CPU.ActiveCfg = Release|Any CPU
		{DF81E8F5-15E4-4AE5-8A4B-8AA9229B5394}.Release|Any CPU.Build.0 = Release|Any CPU
	EndGlobalSection
	GlobalSection(SolutionProperties) = preSolution
		HideSolutionNode = FALSE
	EndGlobalSection
	GlobalSection(ExtensibilityGlobals) = postSolution
		SolutionGuid = {DAE5DC9D-FA1F-466B-818B-6A2CBF28449D}
	EndGlobalSection
EndGlobal
